github.com/PuerkitoBio/goquery v1.4.0 h1:13fV4AYmaSopdNp8KWDUlLyU5INklBkYk0tsTfxRO2U=
github.com/PuerkitoBio/goquery v1.4.0/go.mod h1:T9ezsOHcCrDCgA8aF1Cqr3sSYbO/xgdy8/R/XiIMAhA=
github.com/andybalholm/cascadia v1.0.0 h1:hOCXnnZ5A+3eVDX8pvgl4kofXv2ELss0bKcqRySc45o=
github.com/andybalholm/cascadia v1.0.0/go.mod h1:GsXiBklL0woXo1j/WYWtSYYC4ouU9PqHO0sqidkEA4Y=
github.com/davecgh/go-spew v1.1.1/go.mod h1:J7Y8YcW2NihsgmVo/mv3lAwl/skON4iLHjSsI+c5H38=
github.com/golang/glog v0.0.0-20160126235308-23def4e6c14b h1:VKtxabqXZkF25pY9ekfRL6a582T4P37/31XEstQ5p58=
github.com/golang/glog v0.0.0-20160126235308-23def4e6c14b/go.mod h1:SBH7ygxi8pfUlaOkMMuAQtPIUF8ecWP5IEl/CR7VP2Q=
github.com/headzoo/surf v1.0.0 h1:d2h9ftKeQYj7tKqAjQtAA0lJVkO8cTxvzdXLynmNnHM=
github.com/headzoo/surf v1.0.0/go.mod h1:/bct0m/iMNEqpn520y01yoaWxsAEigGFPnvyR1ewR5M=
github.com/konsorten/go-windows-terminal-sequences v1.0.1 h1:mweAR1A6xJ3oS2pRaGiHgQ4OO8tzTaLawm8vnODuwDk=
github.com/konsorten/go-windows-terminal-sequences v1.0.1/go.mod h1:T0+1ngSBFLxvqU3pZ+m/2kptfBszLMUkC4ZK/EgS/cQ=
github.com/pmezard/go-difflib v1.0.0/go.mod h1:iKH77koFhYxTK1pcRnkKkqfTogsbg7gZNVY4sRDYZ/4=
github.com/sirupsen/logrus v1.4.1 h1:GL2rEmy6nsikmW0r8opw9JIRScdMF5hA8cOYLH7In1k=
github.com/sirupsen/logrus v1.4.1/go.mod h1:ni0Sbl8bgC9z8RoU9G6nDWqqs/fq4eDPysMBDgk/93Q=
github.com/stretchr/objx v0.1.1/go.mod h1:HFkY916IF+rwdDfMAkV7OtwuqBVzrE8GR6GFx+wExME=
github.com/stretchr/testify v1.2.2/go.mod h1:a8OnRcib4nhh0OaRAV+Yts87kKdq0PP7pXfy6kDkUVs=
golang.org/x/net v0.0.0-20180218175443-cbe0f9307d01/go.mod h1:mL1N/T3taQHkDXs73rZJwtUhF3w3ftmwwsq0BUmARs4=
golang.org/x/net v0.0.0-20180417003750-8d16fa6dc9a8 h1:x78T1ffZeQiacNSxOb00nz8Y+6YRQ8Jc2nlHAgp3HZc=
golang.org/x/net v0.0.0-20180417003750-8d16fa6dc9a8/go.mod h1:mL1N/T3taQHkDXs73rZJwtUhF3w3ftmwwsq0BUmARs4=
golang.org/x/sys v0.0.0-20180905080454-ebe1bf3edb33/go.mod h1:STP8DvDyc/dI5b8T5hshtkjS+E42TnysNCUPdjciGhY=
golang.org/x/text v0.3.0/go.mod h1:NqM8EUOU14njkJ3fqMW+pc6Ldnwhi/IjpwHt7yyuwOQ=
gopkg.in/headzoo/surf.v1 v1.0.0 h1:Ti4LagTvHxSdHYHf5DTqJRhY4+pQYZ0slBPlxo2IWGU=
gopkg.in/headzoo/surf.v1 v1.0.0/go.mod h1:T0BH8276y+OPL0E4tisxCFjBVIAKGbwdYU7AS7/EpQQ=
gopkg.in/jarcoal/httpmock.v1 v1.0.0-20180424175138-eb84b840d3d6 h1:53bLb7VqdFbUtn4bbE4zOvC794E8LDoTva2BYXKci7w=
gopkg.in/jarcoal/httpmock.v1 v1.0.0-20180424175138-eb84b840d3d6/go.mod h1:d3R+NllX3X5e0zlG1Rful3uLvsGC/Q3OHut5464DEQw=
